{
  "name": "accrodion",
  "lockfileVersion": 2,
  "requires": true,
  "packages": {
    "": {
      "dependencies": {
        "accordionjs": "^2.1.2"
      }
    },
    "node_modules/accordionjs": {
      "version": "2.1.2",
      "resolved": "https://registry.npmjs.org/accordionjs/-/accordionjs-2.1.2.tgz",
      "integrity": "sha512-FfzRddPrPzIMUfo7W6SBY472t8QkJaH7Lvpuom66iA5pBd1eqpGzi9BPKe2O/k0FrmGOavY+nuw2uKhlq4BP2Q=="
    }
  },
  "dependencies": {
    "accordionjs": {
      "version": "2.1.2",
      "resolved": "https://registry.npmjs.org/accordionjs/-/accordionjs-2.1.2.tgz",
      "integrity": "sha512-FfzRddPrPzIMUfo7W6SBY472t8QkJaH7Lvpuom66iA5pBd1eqpGzi9BPKe2O/k0FrmGOavY+nuw2uKhlq4BP2Q=="
    }
  }
}
